
Microsoft Visual Studio Solution File, Format Version 12.00
# Visual Studio 15
VisualStudioVersion = 15.0.28307.1300
MinimumVisualStudioVersion = 10.0.40219.1
Project("{FAE04EC0-301F-11D3-BF4B-00C04F79EFBC}") = "Riordinamento_P3", "Riordinamento_P3\Riordinamento_P3.csproj", "{F66B6B33-ED61-44D2-B8D8-A1A8C245B582}"
EndProject
Global
	GlobalSection(SolutionConfigurationPlatforms) = preSolution
		Debug|Any CPU = Debug|Any CPU
		Release|Any CPU = Release|Any CPU
	EndGlobalSection
	GlobalSection(ProjectConfigurationPlatforms) = postSolution
		{F66B6B33-ED61-44D2-B8D8-A1A8C245B582}.Debug|Any CPU.ActiveCfg = Debug|Any CPU
		{F66B6B33-ED61-44D2-B8D8-A1A8C245B582}.Debug|Any CPU.Build.0 = Debug|Any CPU
		{F66B6B33-ED61-44D2-B8D8-A1A8C245B582}.Release|Any CPU.ActiveCfg = Release|Any CPU
		{F66B6B33-ED61-44D2-B8D8-A1A8C245B582}.Release|Any CPU.Build.0 = Release|Any CPU
	EndGlobalSection
	GlobalSection(SolutionProperties) = preSolution
		HideSolutionNode = FALSE
	EndGlobalSection
	GlobalSection(ExtensibilityGlobals) = postSolution
		SolutionGuid = {DF8A1F5E-45DE-47CF-B48B-F7BFCF836F7A}
	EndGlobalSection
EndGlobal
